
Microsoft Visual Studio Solution File, Format Version 12.00
# Visual Studio Version 17
VisualStudioVersion = 17.12.35728.132
MinimumVisualStudioVersion = 10.0.40219.1
Project("{FAE04EC0-301F-11D3-BF4B-00C04F79EFBC}") = "mcp-lucene-net", "server\mcp-lucene-net.csproj", "{B534C2E8-078E-42E6-BA63-C3AFE381DFEB}"
EndProject
Project("{FAE04EC0-301F-11D3-BF4B-00C04F79EFBC}") = "idx", "idx\idx.csproj", "{2A9B8FAA-4EA8-4120-8ED0-26AA0E7D9DA6}"
EndProject
Global
	GlobalSection(SolutionConfigurationPlatforms) = preSolution
		Debug|Any CPU = Debug|Any CPU
		Release|Any CPU = Release|Any CPU
	EndGlobalSection
	GlobalSection(ProjectConfigurationPlatforms) = postSolution
		{B534C2E8-078E-42E6-BA63-C3AFE381DFEB}.Debug|Any CPU.ActiveCfg = Debug|Any CPU
		{B534C2E8-078E-42E6-BA63-C3AFE381DFEB}.Debug|Any CPU.Build.0 = Debug|Any CPU
		{B534C2E8-078E-42E6-BA63-C3AFE381DFEB}.Release|Any CPU.ActiveCfg = Release|Any CPU
		{B534C2E8-078E-42E6-BA63-C3AFE381DFEB}.Release|Any CPU.Build.0 = Release|Any CPU
		{2A9B8FAA-4EA8-4120-8ED0-26AA0E7D9DA6}.Debug|Any CPU.ActiveCfg = Debug|Any CPU
		{2A9B8FAA-4EA8-4120-8ED0-26AA0E7D9DA6}.Debug|Any CPU.Build.0 = Debug|Any CPU
		{2A9B8FAA-4EA8-4120-8ED0-26AA0E7D9DA6}.Release|Any CPU.ActiveCfg = Release|Any CPU
		{2A9B8FAA-4EA8-4120-8ED0-26AA0E7D9DA6}.Release|Any CPU.Build.0 = Release|Any CPU
	EndGlobalSection
	GlobalSection(SolutionProperties) = preSolution
		HideSolutionNode = FALSE
	EndGlobalSection
EndGlobal
